
Microsoft Visual Studio Solution File, Format Version 12.00
# Visual Studio Version 16
VisualStudioVersion = 16.0.29409.12
MinimumVisualStudioVersion = 10.0.40219.1
Project("{2150E333-8FDC-42A3-9474-1A3956D46DE8}") = "Solution Items", "Solution Items", "{7315EE08-6CAF-4806-AFDA-FD98C6E43D3E}"
	ProjectSection(SolutionItems) = preProject
		.gitignore = .gitignore
		.travis.yml = .travis.yml
		changelog.md = changelog.md
		license_apache.txt = license_apache.txt
		license_mit.txt = license_mit.txt
		readme.md = readme.md
	EndProjectSection
EndProject
Project("{9A19103F-16F7-4668-BE54-9A1E7A4F7556}") = "Test.Utility", "Test.Utility\Test.Utility.csproj", "{99C614DE-16AF-4610-B5ED-5D37AB667D67}"
EndProject
Project("{9A19103F-16F7-4668-BE54-9A1E7A4F7556}") = "Test.Utility.Test", "Test.Utility.Test\Test.Utility.Test.csproj", "{B64871DE-EF8E-4319-8785-3AD389C6AFBE}"
EndProject
Project("{2150E333-8FDC-42A3-9474-1A3956D46DE8}") = "Build Config", "Build Config", "{F7682489-EDDF-41EB-9511-876087FD8B65}"
ProjectSection(SolutionItems) = preProject
	Directory.Build.props = Directory.Build.props
	global.json = global.json
	Packages.props = Packages.props
EndProjectSection
EndProject
Global
	GlobalSection(SolutionConfigurationPlatforms) = preSolution
		Debug|Any CPU = Debug|Any CPU
		Release|Any CPU = Release|Any CPU
	EndGlobalSection
	GlobalSection(ProjectConfigurationPlatforms) = postSolution
		{99C614DE-16AF-4610-B5ED-5D37AB667D67}.Debug|Any CPU.ActiveCfg = Debug|Any CPU
		{99C614DE-16AF-4610-B5ED-5D37AB667D67}.Debug|Any CPU.Build.0 = Debug|Any CPU
		{99C614DE-16AF-4610-B5ED-5D37AB667D67}.Release|Any CPU.ActiveCfg = Release|Any CPU
		{99C614DE-16AF-4610-B5ED-5D37AB667D67}.Release|Any CPU.Build.0 = Release|Any CPU
		{B64871DE-EF8E-4319-8785-3AD389C6AFBE}.Debug|Any CPU.ActiveCfg = Debug|Any CPU
		{B64871DE-EF8E-4319-8785-3AD389C6AFBE}.Debug|Any CPU.Build.0 = Debug|Any CPU
		{B64871DE-EF8E-4319-8785-3AD389C6AFBE}.Release|Any CPU.ActiveCfg = Release|Any CPU
		{B64871DE-EF8E-4319-8785-3AD389C6AFBE}.Release|Any CPU.Build.0 = Release|Any CPU
	EndGlobalSection
	GlobalSection(SolutionProperties) = preSolution
		HideSolutionNode = FALSE
	EndGlobalSection
	GlobalSection(ExtensibilityGlobals) = postSolution
		SolutionGuid = {CC4BE93E-EABA-4665-87E9-38DA45046C05}
	EndGlobalSection
EndGlobal
